
Microsoft Visual Studio Solution File, Format Version 12.00
# Visual Studio Version 17
VisualStudioVersion = 17.8.34330.188
MinimumVisualStudioVersion = 10.0.40219.1
Project("{FAE04EC0-301F-11D3-BF4B-00C04F79EFBC}") = "AulaRefatoracao_020924", "AulaRefatoracao_020924\AulaRefatoracao_020924.csproj", "{DAAA164D-E58F-44F9-B94C-ECE38E06FB12}"
EndProject
Global
	GlobalSection(SolutionConfigurationPlatforms) = preSolution
		Debug|Any CPU = Debug|Any CPU
		Release|Any CPU = Release|Any CPU
	EndGlobalSection
	GlobalSection(ProjectConfigurationPlatforms) = postSolution
		{DAAA164D-E58F-44F9-B94C-ECE38E06FB12}.Debug|Any CPU.ActiveCfg = Debug|Any CPU
		{DAAA164D-E58F-44F9-B94C-ECE38E06FB12}.Debug|Any CPU.Build.0 = Debug|Any CPU
		{DAAA164D-E58F-44F9-B94C-ECE38E06FB12}.Release|Any CPU.ActiveCfg = Release|Any CPU
		{DAAA164D-E58F-44F9-B94C-ECE38E06FB12}.Release|Any CPU.Build.0 = Release|Any CPU
	EndGlobalSection
	GlobalSection(SolutionProperties) = preSolution
		HideSolutionNode = FALSE
	EndGlobalSection
	GlobalSection(ExtensibilityGlobals) = postSolution
		SolutionGuid = {A034B0BE-ACB0-4F43-B992-BFC1B13B27D2}
	EndGlobalSection
EndGlobal
